// !$*UTF8*$!
{
	archiveVersion = 1;
	classes = {
	};
	objectVersion = 48;
	objects = {

/* Begin PBXBuildFile section */
		1CA21E0E9BC1A473896FD02A /* Pods_Perform_Test.framework in Frameworks */ = {isa = PBXBuildFile; fileRef = E68A5F189F67DC432A2185DB /* Pods_Perform_Test.framework */; };
		223619761FCAD7C80017157B /* RowColorTableViewCell.swift in Sources */ = {isa = PBXBuildFile; fileRef = 223619751FCAD7C70017157B /* RowColorTableViewCell.swift */; };
		2236197F1FCAE1330017157B /* StandingsHeaderView.swift in Sources */ = {isa = PBXBuildFile; fileRef = 2236197E1FCAE1330017157B /* StandingsHeaderView.swift */; };
		223619811FCAE1400017157B /* ScoresHeaderView.swift in Sources */ = {isa = PBXBuildFile; fileRef = 223619801FCAE1400017157B /* ScoresHeaderView.swift */; };
		223619831FCAE14B0017157B /* ScoresHeaderView.xib in Resources */ = {isa = PBXBuildFile; fileRef = 223619821FCAE14B0017157B /* ScoresHeaderView.xib */; };
		223619851FCAE4440017157B /* StandingsHeaderView.xib in Resources */ = {isa = PBXBuildFile; fileRef = 223619841FCAE4440017157B /* StandingsHeaderView.xib */; };
		2298BCF01FCA289E00F98D38 /* RequestManager.swift in Sources */ = {isa = PBXBuildFile; fileRef = 2298BCEF1FCA289E00F98D38 /* RequestManager.swift */; };
		2298BCF31FCA310500F98D38 /* Standing.swift in Sources */ = {isa = PBXBuildFile; fileRef = 2298BCF21FCA310500F98D38 /* Standing.swift */; };
		2298BCF51FCA3B9C00F98D38 /* XMLAttribute+Extensions.swift in Sources */ = {isa = PBXBuildFile; fileRef = 2298BCF41FCA3B9C00F98D38 /* XMLAttribute+Extensions.swift */; };
		2298BCFA1FCA3DA700F98D38 /* StandingsTableViewCell.swift in Sources */ = {isa = PBXBuildFile; fileRef = 2298BCF81FCA3DA700F98D38 /* StandingsTableViewCell.swift */; };
		2298BCFB1FCA3DA700F98D38 /* StandingsTableViewCell.xib in Resources */ = {isa = PBXBuildFile; fileRef = 2298BCF91FCA3DA700F98D38 /* StandingsTableViewCell.xib */; };
		2298BCFD1FCA551900F98D38 /* Indicator.swift in Sources */ = {isa = PBXBuildFile; fileRef = 2298BCFC1FCA551900F98D38 /* Indicator.swift */; };
		2298BCFF1FCA5B3900F98D38 /* Score.swift in Sources */ = {isa = PBXBuildFile; fileRef = 2298BCFE1FCA5B3900F98D38 /* Score.swift */; };
		22C95DA81FC9848100C9ED35 /* AppDelegate.swift in Sources */ = {isa = PBXBuildFile; fileRef = 22C95DA71FC9848100C9ED35 /* AppDelegate.swift */; };
		22C95DAA1FC9848100C9ED35 /* ViewController.swift in Sources */ = {isa = PBXBuildFile; fileRef = 22C95DA91FC9848100C9ED35 /* ViewController.swift */; };
		22C95DAD1FC9848100C9ED35 /* Main.storyboard in Resources */ = {isa = PBXBuildFile; fileRef = 22C95DAB1FC9848100C9ED35 /* Main.storyboard */; };
		22C95DB01FC9848100C9ED35 /* Perform_Test.xcdatamodeld in Sources */ = {isa = PBXBuildFile; fileRef = 22C95DAE1FC9848100C9ED35 /* Perform_Test.xcdatamodeld */; };
		22C95DB21FC9848100C9ED35 /* Assets.xcassets in Resources */ = {isa = PBXBuildFile; fileRef = 22C95DB11FC9848100C9ED35 /* Assets.xcassets */; };
		22C95DB51FC9848100C9ED35 /* LaunchScreen.storyboard in Resources */ = {isa = PBXBuildFile; fileRef = 22C95DB31FC9848100C9ED35 /* LaunchScreen.storyboard */; };
		22C95DBE1FC987C600C9ED35 /* DropDownSectionView.swift in Sources */ = {isa = PBXBuildFile; fileRef = 22C95DBD1FC987C600C9ED35 /* DropDownSectionView.swift */; };
		22C95DC01FC987DC00C9ED35 /* DropDownSectionView.xib in Resources */ = {isa = PBXBuildFile; fileRef = 22C95DBF1FC987DC00C9ED35 /* DropDownSectionView.xib */; };
		22C95DC21FC993BD00C9ED35 /* UIColor+Extensions.swift in Sources */ = {isa = PBXBuildFile; fileRef = 22C95DC11FC993BD00C9ED35 /* UIColor+Extensions.swift */; };
		22C95DC41FC999BA00C9ED35 /* UIImage+Extensions.swift in Sources */ = {isa = PBXBuildFile; fileRef = 22C95DC31FC999BA00C9ED35 /* UIImage+Extensions.swift */; };
		22C95DC81FC99EBE00C9ED35 /* R.generated.swift in Sources */ = {isa = PBXBuildFile; fileRef = 22C95DC71FC99EBE00C9ED35 /* R.generated.swift */; };
		22D4EC561FCA5E0F00981A3D /* ScoresTableViewCell.swift in Sources */ = {isa = PBXBuildFile; fileRef = 22D4EC541FCA5E0F00981A3D /* ScoresTableViewCell.swift */; };
		22D4EC571FCA5E0F00981A3D /* ScoresTableViewCell.xib in Resources */ = {isa = PBXBuildFile; fileRef = 22D4EC551FCA5E0F00981A3D /* ScoresTableViewCell.xib */; };
/* End PBXBuildFile section */

/* Begin PBXFileReference section */
		223619751FCAD7C70017157B /* RowColorTableViewCell.swift */ = {isa = PBXFileReference; lastKnownFileType = sourcecode.swift; path = RowColorTableViewCell.swift; sourceTree = "<group>"; };
		2236197E1FCAE1330017157B /* StandingsHeaderView.swift */ = {isa = PBXFileReference; lastKnownFileType = sourcecode.swift; path = StandingsHeaderView.swift; sourceTree = "<group>"; };
		223619801FCAE1400017157B /* ScoresHeaderView.swift */ = {isa = PBXFileReference; lastKnownFileType = sourcecode.swift; path = ScoresHeaderView.swift; sourceTree = "<group>"; };
		223619821FCAE14B0017157B /* ScoresHeaderView.xib */ = {isa = PBXFileReference; lastKnownFileType = file.xib; path = ScoresHeaderView.xib; sourceTree = "<group>"; };
		223619841FCAE4440017157B /* StandingsHeaderView.xib */ = {isa = PBXFileReference; lastKnownFileType = file.xib; path = StandingsHeaderView.xib; sourceTree = "<group>"; };
		2298BCEF1FCA289E00F98D38 /* RequestManager.swift */ = {isa = PBXFileReference; lastKnownFileType = sourcecode.swift; path = RequestManager.swift; sourceTree = "<group>"; };
		2298BCF21FCA310500F98D38 /* Standing.swift */ = {isa = PBXFileReference; lastKnownFileType = sourcecode.swift; path = Standing.swift; sourceTree = "<group>"; };
		2298BCF41FCA3B9C00F98D38 /* XMLAttribute+Extensions.swift */ = {isa = PBXFileReference; lastKnownFileType = sourcecode.swift; path = "XMLAttribute+Extensions.swift"; sourceTree = "<group>"; };
		2298BCF81FCA3DA700F98D38 /* StandingsTableViewCell.swift */ = {isa = PBXFileReference; lastKnownFileType = sourcecode.swift; path = StandingsTableViewCell.swift; sourceTree = "<group>"; };
		2298BCF91FCA3DA700F98D38 /* StandingsTableViewCell.xib */ = {isa = PBXFileReference; lastKnownFileType = file.xib; path = StandingsTableViewCell.xib; sourceTree = "<group>"; };
		2298BCFC1FCA551900F98D38 /* Indicator.swift */ = {isa = PBXFileReference; lastKnownFileType = sourcecode.swift; path = Indicator.swift; sourceTree = "<group>"; };
		2298BCFE1FCA5B3900F98D38 /* Score.swift */ = {isa = PBXFileReference; lastKnownFileType = sourcecode.swift; path = Score.swift; sourceTree = "<group>"; };
		22C95DA41FC9848100C9ED35 /* Perform Test.app */ = {isa = PBXFileReference; explicitFileType = wrapper.application; includeInIndex = 0; path = "Perform Test.app"; sourceTree = BUILT_PRODUCTS_DIR; };
		22C95DA71FC9848100C9ED35 /* AppDelegate.swift */ = {isa = PBXFileReference; lastKnownFileType = sourcecode.swift; path = AppDelegate.swift; sourceTree = "<group>"; };
		22C95DA91FC9848100C9ED35 /* ViewController.swift */ = {isa = PBXFileReference; lastKnownFileType = sourcecode.swift; path = ViewController.swift; sourceTree = "<group>"; };
		22C95DAC1FC9848100C9ED35 /* Base */ = {isa = PBXFileReference; lastKnownFileType = file.storyboard; name = Base; path = Base.lproj/Main.storyboard; sourceTree = "<group>"; };
		22C95DAF1FC9848100C9ED35 /* Perform_Test.xcdatamodel */ = {isa = PBXFileReference; lastKnownFileType = wrapper.xcdatamodel; path = Perform_Test.xcdatamodel; sourceTree = "<group>"; };
		22C95DB11FC9848100C9ED35 /* Assets.xcassets */ = {isa = PBXFileReference; lastKnownFileType = folder.assetcatalog; path = Assets.xcassets; sourceTree = "<group>"; };
		22C95DB41FC9848100C9ED35 /* Base */ = {isa = PBXFileReference; lastKnownFileType = file.storyboard; name = Base; path = Base.lproj/LaunchScreen.storyboard; sourceTree = "<group>"; };
		22C95DB61FC9848100C9ED35 /* Info.plist */ = {isa = PBXFileReference; lastKnownFileType = text.plist.xml; path = Info.plist; sourceTree = "<group>"; };
		22C95DBD1FC987C600C9ED35 /* DropDownSectionView.swift */ = {isa = PBXFileReference; lastKnownFileType = sourcecode.swift; path = DropDownSectionView.swift; sourceTree = "<group>"; };
		22C95DBF1FC987DC00C9ED35 /* DropDownSectionView.xib */ = {isa = PBXFileReference; lastKnownFileType = file.xib; path = DropDownSectionView.xib; sourceTree = "<group>"; };
		22C95DC11FC993BD00C9ED35 /* UIColor+Extensions.swift */ = {isa = PBXFileReference; lastKnownFileType = sourcecode.swift; path = "UIColor+Extensions.swift"; sourceTree = "<group>"; };
		22C95DC31FC999BA00C9ED35 /* UIImage+Extensions.swift */ = {isa = PBXFileReference; lastKnownFileType = sourcecode.swift; path = "UIImage+Extensions.swift"; sourceTree = "<group>"; };
		22C95DC71FC99EBE00C9ED35 /* R.generated.swift */ = {isa = PBXFileReference; fileEncoding = 4; lastKnownFileType = sourcecode.swift; path = R.generated.swift; sourceTree = SOURCE_ROOT; };
		22D4EC541FCA5E0F00981A3D /* ScoresTableViewCell.swift */ = {isa = PBXFileReference; lastKnownFileType = sourcecode.swift; path = ScoresTableViewCell.swift; sourceTree = "<group>"; };
		22D4EC551FCA5E0F00981A3D /* ScoresTableViewCell.xib */ = {isa = PBXFileReference; lastKnownFileType = file.xib; path = ScoresTableViewCell.xib; sourceTree = "<group>"; };
		B650FC879D444C55479ADC25 /* Pods-Perform Test.release.xcconfig */ = {isa = PBXFileReference; includeInIndex = 1; lastKnownFileType = text.xcconfig; name = "Pods-Perform Test.release.xcconfig"; path = "Pods/Target Support Files/Pods-Perform Test/Pods-Perform Test.release.xcconfig"; sourceTree = "<group>"; };
		D2E97C3F9444B1AE7D8AAB2B /* Pods-Perform Test.debug.xcconfig */ = {isa = PBXFileReference; includeInIndex = 1; lastKnownFileType = text.xcconfig; name = "Pods-Perform Test.debug.xcconfig"; path = "Pods/Target Support Files/Pods-Perform Test/Pods-Perform Test.debug.xcconfig"; sourceTree = "<group>"; };
		E68A5F189F67DC432A2185DB /* Pods_Perform_Test.framework */ = {isa = PBXFileReference; explicitFileType = wrapper.framework; includeInIndex = 0; path = Pods_Perform_Test.framework; sourceTree = BUILT_PRODUCTS_DIR; };
/* End PBXFileReference section */

/* Begin PBXFrameworksBuildPhase section */
		22C95DA11FC9848100C9ED35 /* Frameworks */ = {
			isa = PBXFrameworksBuildPhase;
			buildActionMask = 2147483647;
			files = (
				1CA21E0E9BC1A473896FD02A /* Pods_Perform_Test.framework in Frameworks */,
			);
			runOnlyForDeploymentPostprocessing = 0;
		};
/* End PBXFrameworksBuildPhase section */

/* Begin PBXGroup section */
		223619771FCAD9A70017157B /* Standings */ = {
			isa = PBXGroup;
			children = (
				2298BCF81FCA3DA700F98D38 /* StandingsTableViewCell.swift */,
				2298BCF91FCA3DA700F98D38 /* StandingsTableViewCell.xib */,
			);
			path = Standings;
			sourceTree = "<group>";
		};
		223619781FCAD9AE0017157B /* Scores */ = {
			isa = PBXGroup;
			children = (
				22D4EC541FCA5E0F00981A3D /* ScoresTableViewCell.swift */,
				22D4EC551FCA5E0F00981A3D /* ScoresTableViewCell.xib */,
			);
			path = Scores;
			sourceTree = "<group>";
		};
		223619791FCAD9B10017157B /* News */ = {
			isa = PBXGroup;
			children = (
			);
			path = News;
			sourceTree = "<group>";
		};
		2236197A1FCAE0EB0017157B /* Section Headers */ = {
			isa = PBXGroup;
			children = (
				2236197B1FCAE1010017157B /* News */,
				2236197C1FCAE1060017157B /* Scores */,
				2236197D1FCAE1130017157B /* Standings */,
			);
			path = "Section Headers";
			sourceTree = "<group>";
		};
		2236197B1FCAE1010017157B /* News */ = {
			isa = PBXGroup;
			children = (
			);
			path = News;
			sourceTree = "<group>";
		};
		2236197C1FCAE1060017157B /* Scores */ = {
			isa = PBXGroup;
			children = (
				223619801FCAE1400017157B /* ScoresHeaderView.swift */,
				223619821FCAE14B0017157B /* ScoresHeaderView.xib */,
			);
			path = Scores;
			sourceTree = "<group>";
		};
		2236197D1FCAE1130017157B /* Standings */ = {
			isa = PBXGroup;
			children = (
				2236197E1FCAE1330017157B /* StandingsHeaderView.swift */,
				223619841FCAE4440017157B /* StandingsHeaderView.xib */,
			);
			path = Standings;
			sourceTree = "<group>";
		};
		2298BCEE1FCA288000F98D38 /* Networking */ = {
			isa = PBXGroup;
			children = (
				2298BCEF1FCA289E00F98D38 /* RequestManager.swift */,
			);
			path = Networking;
			sourceTree = "<group>";
		};
		2298BCF11FCA30A000F98D38 /* Models */ = {
			isa = PBXGroup;
			children = (
				2298BCF21FCA310500F98D38 /* Standing.swift */,
				2298BCFE1FCA5B3900F98D38 /* Score.swift */,
			);
			path = Models;
			sourceTree = "<group>";
		};
		2298BCF61FCA3BAD00F98D38 /* Extensions */ = {
			isa = PBXGroup;
			children = (
				22C95DC11FC993BD00C9ED35 /* UIColor+Extensions.swift */,
				22C95DC31FC999BA00C9ED35 /* UIImage+Extensions.swift */,
				2298BCF41FCA3B9C00F98D38 /* XMLAttribute+Extensions.swift */,
			);
			path = Extensions;
			sourceTree = "<group>";
		};
		2298BCF71FCA3D9000F98D38 /* Cells */ = {
			isa = PBXGroup;
			children = (
				223619751FCAD7C70017157B /* RowColorTableViewCell.swift */,
				223619791FCAD9B10017157B /* News */,
				223619781FCAD9AE0017157B /* Scores */,
				223619771FCAD9A70017157B /* Standings */,
			);
			path = Cells;
			sourceTree = "<group>";
		};
		22C95D9B1FC9848100C9ED35 = {
			isa = PBXGroup;
			children = (
				22C95DA61FC9848100C9ED35 /* Perform Test */,
				22C95DA51FC9848100C9ED35 /* Products */,
				FAF20E68FDCEE3D52A88A06F /* Pods */,
				6EDC34CDFCFB0307ABE6FC55 /* Frameworks */,
			);
			sourceTree = "<group>";
		};
		22C95DA51FC9848100C9ED35 /* Products */ = {
			isa = PBXGroup;
			children = (
				22C95DA41FC9848100C9ED35 /* Perform Test.app */,
			);
			name = Products;
			sourceTree = "<group>";
		};
		22C95DA61FC9848100C9ED35 /* Perform Test */ = {
			isa = PBXGroup;
			children = (
				22C95DA71FC9848100C9ED35 /* AppDelegate.swift */,
				22C95DA91FC9848100C9ED35 /* ViewController.swift */,
				22C95DAB1FC9848100C9ED35 /* Main.storyboard */,
				2298BCF71FCA3D9000F98D38 /* Cells */,
				2236197A1FCAE0EB0017157B /* Section Headers */,
				2298BCEE1FCA288000F98D38 /* Networking */,
				2298BCF11FCA30A000F98D38 /* Models */,
				22C95DC51FC99B3000C9ED35 /* DropDownSections */,
				2298BCF61FCA3BAD00F98D38 /* Extensions */,
				22C95DBC1FC984B800C9ED35 /* Supporting Files */,
				22C95DB61FC9848100C9ED35 /* Info.plist */,
			);
			path = "Perform Test";
			sourceTree = "<group>";
		};
		22C95DBC1FC984B800C9ED35 /* Supporting Files */ = {
			isa = PBXGroup;
			children = (
				22C95DB11FC9848100C9ED35 /* Assets.xcassets */,
				22C95DB31FC9848100C9ED35 /* LaunchScreen.storyboard */,
				22C95DAE1FC9848100C9ED35 /* Perform_Test.xcdatamodeld */,
				22C95DC71FC99EBE00C9ED35 /* R.generated.swift */,
				2298BCFC1FCA551900F98D38 /* Indicator.swift */,
			);
			path = "Supporting Files";
			sourceTree = "<group>";
		};
		22C95DC51FC99B3000C9ED35 /* DropDownSections */ = {
			isa = PBXGroup;
			children = (
				22C95DBD1FC987C600C9ED35 /* DropDownSectionView.swift */,
				22C95DBF1FC987DC00C9ED35 /* DropDownSectionView.xib */,
			);
			path = DropDownSections;
			sourceTree = "<group>";
		};
		6EDC34CDFCFB0307ABE6FC55 /* Frameworks */ = {
			isa = PBXGroup;
			children = (
				E68A5F189F67DC432A2185DB /* Pods_Perform_Test.framework */,
			);
			name = Frameworks;
			sourceTree = "<group>";
		};
		FAF20E68FDCEE3D52A88A06F /* Pods */ = {
			isa = PBXGroup;
			children = (
				D2E97C3F9444B1AE7D8AAB2B /* Pods-Perform Test.debug.xcconfig */,
				B650FC879D444C55479ADC25 /* Pods-Perform Test.release.xcconfig */,
			);
			name = Pods;
			sourceTree = "<group>";
		};
/* End PBXGroup section */

/* Begin PBXNativeTarget section */
		22C95DA31FC9848100C9ED35 /* Perform Test */ = {
			isa = PBXNativeTarget;
			buildConfigurationList = 22C95DB91FC9848100C9ED35 /* Build configuration list for PBXNativeTarget "Perform Test" */;
			buildPhases = (
				F01682986FD3B6FADDF3B3A8 /* [CP] Check Pods Manifest.lock */,
				22C95DC61FC99E3800C9ED35 /* ShellScript */,
				22C95DA01FC9848100C9ED35 /* Sources */,
				22C95DA11FC9848100C9ED35 /* Frameworks */,
				22C95DA21FC9848100C9ED35 /* Resources */,
				6D4D8282959B9D4E135E4362 /* [CP] Embed Pods Frameworks */,
				3F76FDCD6B671E81F8F154AE /* [CP] Copy Pods Resources */,
			);
			buildRules = (
			);
			dependencies = (
			);
			name = "Perform Test";
			productName = "Perform Test";
			productReference = 22C95DA41FC9848100C9ED35 /* Perform Test.app */;
			productType = "com.apple.product-type.application";
		};
/* End PBXNativeTarget section */

/* Begin PBXProject section */
		22C95D9C1FC9848100C9ED35 /* Project object */ = {
			isa = PBXProject;
			attributes = {
				LastSwiftUpdateCheck = 0910;
				LastUpgradeCheck = 0910;
				ORGANIZATIONNAME = "Kryg Tomasz";
				TargetAttributes = {
					22C95DA31FC9848100C9ED35 = {
						CreatedOnToolsVersion = 9.1;
						ProvisioningStyle = Automatic;
					};
				};
			};
			buildConfigurationList = 22C95D9F1FC9848100C9ED35 /* Build configuration list for PBXProject "Perform Test" */;
			compatibilityVersion = "Xcode 8.0";
			developmentRegion = en;
			hasScannedForEncodings = 0;
			knownRegions = (
				en,
				Base,
			);
			mainGroup = 22C95D9B1FC9848100C9ED35;
			productRefGroup = 22C95DA51FC9848100C9ED35 /* Products */;
			projectDirPath = "";
			projectRoot = "";
			targets = (
				22C95DA31FC9848100C9ED35 /* Perform Test */,
			);
		};
/* End PBXProject section */

/* Begin PBXResourcesBuildPhase section */
		22C95DA21FC9848100C9ED35 /* Resources */ = {
			isa = PBXResourcesBuildPhase;
			buildActionMask = 2147483647;
			files = (
				223619831FCAE14B0017157B /* ScoresHeaderView.xib in Resources */,
				22C95DB51FC9848100C9ED35 /* LaunchScreen.storyboard in Resources */,
				22C95DC01FC987DC00C9ED35 /* DropDownSectionView.xib in Resources */,
				22D4EC571FCA5E0F00981A3D /* ScoresTableViewCell.xib in Resources */,
				22C95DB21FC9848100C9ED35 /* Assets.xcassets in Resources */,
				2298BCFB1FCA3DA700F98D38 /* StandingsTableViewCell.xib in Resources */,
				22C95DAD1FC9848100C9ED35 /* Main.storyboard in Resources */,
				223619851FCAE4440017157B /* StandingsHeaderView.xib in Resources */,
			);
			runOnlyForDeploymentPostprocessing = 0;
		};
/* End PBXResourcesBuildPhase section */

/* Begin PBXShellScriptBuildPhase section */
		22C95DC61FC99E3800C9ED35 /* ShellScript */ = {
			isa = PBXShellScriptBuildPhase;
			buildActionMask = 2147483647;
			files = (
			);
			inputPaths = (
			);
			outputPaths = (
			);
			runOnlyForDeploymentPostprocessing = 0;
			shellPath = /bin/sh;
			shellScript = "\"$PODS_ROOT/R.swift/rswift\" \"$SRCROOT\"";
		};
		3F76FDCD6B671E81F8F154AE /* [CP] Copy Pods Resources */ = {
			isa = PBXShellScriptBuildPhase;
			buildActionMask = 2147483647;
			files = (
			);
			inputPaths = (
			);
			name = "[CP] Copy Pods Resources";
			outputPaths = (
			);
			runOnlyForDeploymentPostprocessing = 0;
			shellPath = /bin/sh;
			shellScript = "\"${SRCROOT}/Pods/Target Support Files/Pods-Perform Test/Pods-Perform Test-resources.sh\"\n";
			showEnvVarsInLog = 0;
		};
		6D4D8282959B9D4E135E4362 /* [CP] Embed Pods Frameworks */ = {
			isa = PBXShellScriptBuildPhase;
			buildActionMask = 2147483647;
			files = (
			);
			inputPaths = (
			);
			name = "[CP] Embed Pods Frameworks";
			outputPaths = (
			);
			runOnlyForDeploymentPostprocessing = 0;
			shellPath = /bin/sh;
			shellScript = "\"${SRCROOT}/Pods/Target Support Files/Pods-Perform Test/Pods-Perform Test-frameworks.sh\"\n";
			showEnvVarsInLog = 0;
		};
		F01682986FD3B6FADDF3B3A8 /* [CP] Check Pods Manifest.lock */ = {
			isa = PBXShellScriptBuildPhase;
			buildActionMask = 2147483647;
			files = (
			);
			inputPaths = (
			);
			name = "[CP] Check Pods Manifest.lock";
			outputPaths = (
			);
			runOnlyForDeploymentPostprocessing = 0;
			shellPath = /bin/sh;
			shellScript = "diff \"${PODS_ROOT}/../Podfile.lock\" \"${PODS_ROOT}/Manifest.lock\" > /dev/null\nif [ $? != 0 ] ; then\n    # print error to STDERR\n    echo \"error: The sandbox is not in sync with the Podfile.lock. Run 'pod install' or update your CocoaPods installation.\" >&2\n    exit 1\nfi\n";
			showEnvVarsInLog = 0;
		};
/* End PBXShellScriptBuildPhase section */

/* Begin PBXSourcesBuildPhase section */
		22C95DA01FC9848100C9ED35 /* Sources */ = {
			isa = PBXSourcesBuildPhase;
			buildActionMask = 2147483647;
			files = (
				22C95DAA1FC9848100C9ED35 /* ViewController.swift in Sources */,
				22C95DC81FC99EBE00C9ED35 /* R.generated.swift in Sources */,
				22C95DC21FC993BD00C9ED35 /* UIColor+Extensions.swift in Sources */,
				2236197F1FCAE1330017157B /* StandingsHeaderView.swift in Sources */,
				22C95DBE1FC987C600C9ED35 /* DropDownSectionView.swift in Sources */,
				223619761FCAD7C80017157B /* RowColorTableViewCell.swift in Sources */,
				22D4EC561FCA5E0F00981A3D /* ScoresTableViewCell.swift in Sources */,
				22C95DC41FC999BA00C9ED35 /* UIImage+Extensions.swift in Sources */,
				223619811FCAE1400017157B /* ScoresHeaderView.swift in Sources */,
				2298BCF01FCA289E00F98D38 /* RequestManager.swift in Sources */,
				2298BCFA1FCA3DA700F98D38 /* StandingsTableViewCell.swift in Sources */,
				2298BCFD1FCA551900F98D38 /* Indicator.swift in Sources */,
				2298BCFF1FCA5B3900F98D38 /* Score.swift in Sources */,
				2298BCF51FCA3B9C00F98D38 /* XMLAttribute+Extensions.swift in Sources */,
				22C95DB01FC9848100C9ED35 /* Perform_Test.xcdatamodeld in Sources */,
				2298BCF31FCA310500F98D38 /* Standing.swift in Sources */,
				22C95DA81FC9848100C9ED35 /* AppDelegate.swift in Sources */,
			);
			runOnlyForDeploymentPostprocessing = 0;
		};
/* End PBXSourcesBuildPhase section */

/* Begin PBXVariantGroup section */
		22C95DAB1FC9848100C9ED35 /* Main.storyboard */ = {
			isa = PBXVariantGroup;
			children = (
				22C95DAC1FC9848100C9ED35 /* Base */,
			);
			name = Main.storyboard;
			sourceTree = "<group>";
		};
		22C95DB31FC9848100C9ED35 /* LaunchScreen.storyboard */ = {
			isa = PBXVariantGroup;
			children = (
				22C95DB41FC9848100C9ED35 /* Base */,
			);
			name = LaunchScreen.storyboard;
			sourceTree = "<group>";
		};
/* End PBXVariantGroup section */

/* Begin XCBuildConfiguration section */
		22C95DB71FC9848100C9ED35 /* Debug */ = {
			isa = XCBuildConfiguration;
			buildSettings = {
				ALWAYS_SEARCH_USER_PATHS = NO;
				CLANG_ANALYZER_NONNULL = YES;
				CLANG_ANALYZER_NUMBER_OBJECT_CONVERSION = YES_AGGRESSIVE;
				CLANG_CXX_LANGUAGE_STANDARD = "gnu++14";
				CLANG_CXX_LIBRARY = "libc++";
				CLANG_ENABLE_MODULES = YES;
				CLANG_ENABLE_OBJC_ARC = YES;
				CLANG_WARN_BLOCK_CAPTURE_AUTORELEASING = YES;
				CLANG_WARN_BOOL_CONVERSION = YES;
				CLANG_WARN_COMMA = YES;
				CLANG_WARN_CONSTANT_CONVERSION = YES;
				CLANG_WARN_DIRECT_OBJC_ISA_USAGE = YES_ERROR;
				CLANG_WARN_DOCUMENTATION_COMMENTS = YES;
				CLANG_WARN_EMPTY_BODY = YES;
				CLANG_WARN_ENUM_CONVERSION = YES;
				CLANG_WARN_INFINITE_RECURSION = YES;
				CLANG_WARN_INT_CONVERSION = YES;
				CLANG_WARN_NON_LITERAL_NULL_CONVERSION = YES;
				CLANG_WARN_OBJC_LITERAL_CONVERSION = YES;
				CLANG_WARN_OBJC_ROOT_CLASS = YES_ERROR;
				CLANG_WARN_RANGE_LOOP_ANALYSIS = YES;
				CLANG_WARN_STRICT_PROTOTYPES = YES;
				CLANG_WARN_SUSPICIOUS_MOVE = YES;
				CLANG_WARN_UNGUARDED_AVAILABILITY = YES_AGGRESSIVE;
				CLANG_WARN_UNREACHABLE_CODE = YES;
				CLANG_WARN__DUPLICATE_METHOD_MATCH = YES;
				CODE_SIGN_IDENTITY = "iPhone Developer";
				COPY_PHASE_STRIP = NO;
				DEBUG_INFORMATION_FORMAT = dwarf;
				ENABLE_STRICT_OBJC_MSGSEND = YES;
				ENABLE_TESTABILITY = YES;
				GCC_C_LANGUAGE_STANDARD = gnu11;
				GCC_DYNAMIC_NO_PIC = NO;
				GCC_NO_COMMON_BLOCKS = YES;
				GCC_OPTIMIZATION_LEVEL = 0;
				GCC_PREPROCESSOR_DEFINITIONS = (
					"DEBUG=1",
					"$(inherited)",
				);
				GCC_WARN_64_TO_32_BIT_CONVERSION = YES;
				GCC_WARN_ABOUT_RETURN_TYPE = YES_ERROR;
				GCC_WARN_UNDECLARED_SELECTOR = YES;
				GCC_WARN_UNINITIALIZED_AUTOS = YES_AGGRESSIVE;
				GCC_WARN_UNUSED_FUNCTION = YES;
				GCC_WARN_UNUSED_VARIABLE = YES;
				IPHONEOS_DEPLOYMENT_TARGET = 11.1;
				MTL_ENABLE_DEBUG_INFO = YES;
				ONLY_ACTIVE_ARCH = YES;
				SDKROOT = iphoneos;
				SWIFT_ACTIVE_COMPILATION_CONDITIONS = DEBUG;
				SWIFT_OPTIMIZATION_LEVEL = "-Onone";
			};
			name = Debug;
		};
		22C95DB81FC9848100C9ED35 /* Release */ = {
			isa = XCBuildConfiguration;
			buildSettings = {
				ALWAYS_SEARCH_USER_PATHS = NO;
				CLANG_ANALYZER_NONNULL = YES;
				CLANG_ANALYZER_NUMBER_OBJECT_CONVERSION = YES_AGGRESSIVE;
				CLANG_CXX_LANGUAGE_STANDARD = "gnu++14";
				CLANG_CXX_LIBRARY = "libc++";
				CLANG_ENABLE_MODULES = YES;
				CLANG_ENABLE_OBJC_ARC = YES;
				CLANG_WARN_BLOCK_CAPTURE_AUTORELEASING = YES;
				CLANG_WARN_BOOL_CONVERSION = YES;
				CLANG_WARN_COMMA = YES;
				CLANG_WARN_CONSTANT_CONVERSION = YES;
				CLANG_WARN_DIRECT_OBJC_ISA_USAGE = YES_ERROR;
				CLANG_WARN_DOCUMENTATION_COMMENTS = YES;
				CLANG_WARN_EMPTY_BODY = YES;
				CLANG_WARN_ENUM_CONVERSION = YES;
				CLANG_WARN_INFINITE_RECURSION = YES;
				CLANG_WARN_INT_CONVERSION = YES;
				CLANG_WARN_NON_LITERAL_NULL_CONVERSION = YES;
				CLANG_WARN_OBJC_LITERAL_CONVERSION = YES;
				CLANG_WARN_OBJC_ROOT_CLASS = YES_ERROR;
				CLANG_WARN_RANGE_LOOP_ANALYSIS = YES;
				CLANG_WARN_STRICT_PROTOTYPES = YES;
				CLANG_WARN_SUSPICIOUS_MOVE = YES;
				CLANG_WARN_UNGUARDED_AVAILABILITY = YES_AGGRESSIVE;
				CLANG_WARN_UNREACHABLE_CODE = YES;
				CLANG_WARN__DUPLICATE_METHOD_MATCH = YES;
				CODE_SIGN_IDENTITY = "iPhone Developer";
				COPY_PHASE_STRIP = NO;
				DEBUG_INFORMATION_FORMAT = "dwarf-with-dsym";
				ENABLE_NS_ASSERTIONS = NO;
				ENABLE_STRICT_OBJC_MSGSEND = YES;
				GCC_C_LANGUAGE_STANDARD = gnu11;
				GCC_NO_COMMON_BLOCKS = YES;
				GCC_WARN_64_TO_32_BIT_CONVERSION = YES;
				GCC_WARN_ABOUT_RETURN_TYPE = YES_ERROR;
				GCC_WARN_UNDECLARED_SELECTOR = YES;
				GCC_WARN_UNINITIALIZED_AUTOS = YES_AGGRESSIVE;
				GCC_WARN_UNUSED_FUNCTION = YES;
				GCC_WARN_UNUSED_VARIABLE = YES;
				IPHONEOS_DEPLOYMENT_TARGET = 11.1;
				MTL_ENABLE_DEBUG_INFO = NO;
				SDKROOT = iphoneos;
				SWIFT_OPTIMIZATION_LEVEL = "-Owholemodule";
				VALIDATE_PRODUCT = YES;
			};
			name = Release;
		};
		22C95DBA1FC9848100C9ED35 /* Debug */ = {
			isa = XCBuildConfiguration;
			baseConfigurationReference = D2E97C3F9444B1AE7D8AAB2B /* Pods-Perform Test.debug.xcconfig */;
			buildSettings = {
				ASSETCATALOG_COMPILER_APPICON_NAME = AppIcon;
				CODE_SIGN_STYLE = Automatic;
				DEVELOPMENT_TEAM = MX7YRK8T35;
				INFOPLIST_FILE = "Perform Test/Info.plist";
				IPHONEOS_DEPLOYMENT_TARGET = 11.0;
				LD_RUNPATH_SEARCH_PATHS = "$(inherited) @executable_path/Frameworks";
				PRODUCT_BUNDLE_IDENTIFIER = "kryg.Perform-Test";
				PRODUCT_NAME = "$(TARGET_NAME)";
				SWIFT_VERSION = 4.0;
				TARGETED_DEVICE_FAMILY = 1;
			};
			name = Debug;
		};
		22C95DBB1FC9848100C9ED35 /* Release */ = {
			isa = XCBuildConfiguration;
			baseConfigurationReference = B650FC879D444C55479ADC25 /* Pods-Perform Test.release.xcconfig */;
			buildSettings = {
				ASSETCATALOG_COMPILER_APPICON_NAME = AppIcon;
				CODE_SIGN_STYLE = Automatic;
				DEVELOPMENT_TEAM = MX7YRK8T35;
				INFOPLIST_FILE = "Perform Test/Info.plist";
				IPHONEOS_DEPLOYMENT_TARGET = 11.0;
				LD_RUNPATH_SEARCH_PATHS = "$(inherited) @executable_path/Frameworks";
				PRODUCT_BUNDLE_IDENTIFIER = "kryg.Perform-Test";
				PRODUCT_NAME = "$(TARGET_NAME)";
				SWIFT_VERSION = 4.0;
				TARGETED_DEVICE_FAMILY = 1;
			};
			name = Release;
		};
/* End XCBuildConfiguration section */

/* Begin XCConfigurationList section */
		22C95D9F1FC9848100C9ED35 /* Build configuration list for PBXProject "Perform Test" */ = {
			isa = XCConfigurationList;
			buildConfigurations = (
				22C95DB71FC9848100C9ED35 /* Debug */,
				22C95DB81FC9848100C9ED35 /* Release */,
			);
			defaultConfigurationIsVisible = 0;
			defaultConfigurationName = Release;
		};
		22C95DB91FC9848100C9ED35 /* Build configuration list for PBXNativeTarget "Perform Test" */ = {
			isa = XCConfigurationList;
			buildConfigurations = (
				22C95DBA1FC9848100C9ED35 /* Debug */,
				22C95DBB1FC9848100C9ED35 /* Release */,
			);
			defaultConfigurationIsVisible = 0;
			defaultConfigurationName = Release;
		};
/* End XCConfigurationList section */

/* Begin XCVersionGroup section */
		22C95DAE1FC9848100C9ED35 /* Perform_Test.xcdatamodeld */ = {
			isa = XCVersionGroup;
			children = (
				22C95DAF1FC9848100C9ED35 /* Perform_Test.xcdatamodel */,
			);
			currentVersion = 22C95DAF1FC9848100C9ED35 /* Perform_Test.xcdatamodel */;
			path = Perform_Test.xcdatamodeld;
			sourceTree = "<group>";
			versionGroupType = wrapper.xcdatamodel;
		};
/* End XCVersionGroup section */
	};
	rootObject = 22C95D9C1FC9848100C9ED35 /* Project object */;
}
